
Microsoft Visual Studio Solution File, Format Version 12.00
# Visual Studio 15
Project("{8BC9CEB8-8B4A-11D0-8D11-00A0C91BC942}") = "ALL_BUILD", "ALL_BUILD.vcxproj", "{4B3A3557-407E-3AA5-BD56-93014A637839}"
	ProjectSection(ProjectDependencies) = postProject
		{5FB2E7E4-833F-317B-8E62-1630FF7322DA} = {5FB2E7E4-833F-317B-8E62-1630FF7322DA}
		{BB6325E9-A986-32B2-9E31-C4718D0BA85F} = {BB6325E9-A986-32B2-9E31-C4718D0BA85F}
		{B52D6CF3-8861-3469-BEC8-D65AF669122E} = {B52D6CF3-8861-3469-BEC8-D65AF669122E}
		{DC27BBAA-A5F7-3F7D-AC3B-99A1598126C3} = {DC27BBAA-A5F7-3F7D-AC3B-99A1598126C3}
		{5D4801C2-7980-3DB5-8BBB-A5F1BF9D799D} = {5D4801C2-7980-3DB5-8BBB-A5F1BF9D799D}
	EndProjectSection
EndProject
Project("{8BC9CEB8-8B4A-11D0-8D11-00A0C91BC942}") = "ZERO_CHECK", "ZERO_CHECK.vcxproj", "{5FB2E7E4-833F-317B-8E62-1630FF7322DA}"
	ProjectSection(ProjectDependencies) = postProject
	EndProjectSection
EndProject
Project("{8BC9CEB8-8B4A-11D0-8D11-00A0C91BC942}") = "event_bus", "event_bus.vcxproj", "{BB6325E9-A986-32B2-9E31-C4718D0BA85F}"
	ProjectSection(ProjectDependencies) = postProject
		{5FB2E7E4-833F-317B-8E62-1630FF7322DA} = {5FB2E7E4-833F-317B-8E62-1630FF7322DA}
	EndProjectSection
EndProject
Project("{8BC9CEB8-8B4A-11D0-8D11-00A0C91BC942}") = "habitify", "habitify.vcxproj", "{B52D6CF3-8861-3469-BEC8-D65AF669122E}"
	ProjectSection(ProjectDependencies) = postProject
		{5FB2E7E4-833F-317B-8E62-1630FF7322DA} = {5FB2E7E4-833F-317B-8E62-1630FF7322DA}
		{BB6325E9-A986-32B2-9E31-C4718D0BA85F} = {BB6325E9-A986-32B2-9E31-C4718D0BA85F}
		{DC27BBAA-A5F7-3F7D-AC3B-99A1598126C3} = {DC27BBAA-A5F7-3F7D-AC3B-99A1598126C3}
		{5D4801C2-7980-3DB5-8BBB-A5F1BF9D799D} = {5D4801C2-7980-3DB5-8BBB-A5F1BF9D799D}
	EndProjectSection
EndProject
Project("{8BC9CEB8-8B4A-11D0-8D11-00A0C91BC942}") = "habitify_core", "habitify_core.vcxproj", "{DC27BBAA-A5F7-3F7D-AC3B-99A1598126C3}"
	ProjectSection(ProjectDependencies) = postProject
		{5FB2E7E4-833F-317B-8E62-1630FF7322DA} = {5FB2E7E4-833F-317B-8E62-1630FF7322DA}
		{BB6325E9-A986-32B2-9E31-C4718D0BA85F} = {BB6325E9-A986-32B2-9E31-C4718D0BA85F}
	EndProjectSection
EndProject
Project("{8BC9CEB8-8B4A-11D0-8D11-00A0C91BC942}") = "habitify_frontend", "habitify_frontend.vcxproj", "{5D4801C2-7980-3DB5-8BBB-A5F1BF9D799D}"
	ProjectSection(ProjectDependencies) = postProject
		{5FB2E7E4-833F-317B-8E62-1630FF7322DA} = {5FB2E7E4-833F-317B-8E62-1630FF7322DA}
		{BB6325E9-A986-32B2-9E31-C4718D0BA85F} = {BB6325E9-A986-32B2-9E31-C4718D0BA85F}
	EndProjectSection
EndProject
Global
	GlobalSection(SolutionConfigurationPlatforms) = preSolution
		Debug|Win32 = Debug|Win32
		Release|Win32 = Release|Win32
		MinSizeRel|Win32 = MinSizeRel|Win32
		RelWithDebInfo|Win32 = RelWithDebInfo|Win32
	EndGlobalSection
	GlobalSection(ProjectConfigurationPlatforms) = postSolution
		{4B3A3557-407E-3AA5-BD56-93014A637839}.Debug|Win32.ActiveCfg = Debug|Win32
		{4B3A3557-407E-3AA5-BD56-93014A637839}.Release|Win32.ActiveCfg = Release|Win32
		{4B3A3557-407E-3AA5-BD56-93014A637839}.MinSizeRel|Win32.ActiveCfg = MinSizeRel|Win32
		{4B3A3557-407E-3AA5-BD56-93014A637839}.RelWithDebInfo|Win32.ActiveCfg = RelWithDebInfo|Win32
		{5FB2E7E4-833F-317B-8E62-1630FF7322DA}.Debug|Win32.ActiveCfg = Debug|Win32
		{5FB2E7E4-833F-317B-8E62-1630FF7322DA}.Debug|Win32.Build.0 = Debug|Win32
		{5FB2E7E4-833F-317B-8E62-1630FF7322DA}.Release|Win32.ActiveCfg = Release|Win32
		{5FB2E7E4-833F-317B-8E62-1630FF7322DA}.Release|Win32.Build.0 = Release|Win32
		{5FB2E7E4-833F-317B-8E62-1630FF7322DA}.MinSizeRel|Win32.ActiveCfg = MinSizeRel|Win32
		{5FB2E7E4-833F-317B-8E62-1630FF7322DA}.MinSizeRel|Win32.Build.0 = MinSizeRel|Win32
		{5FB2E7E4-833F-317B-8E62-1630FF7322DA}.RelWithDebInfo|Win32.ActiveCfg = RelWithDebInfo|Win32
		{5FB2E7E4-833F-317B-8E62-1630FF7322DA}.RelWithDebInfo|Win32.Build.0 = RelWithDebInfo|Win32
		{BB6325E9-A986-32B2-9E31-C4718D0BA85F}.Debug|Win32.ActiveCfg = Debug|Win32
		{BB6325E9-A986-32B2-9E31-C4718D0BA85F}.Debug|Win32.Build.0 = Debug|Win32
		{BB6325E9-A986-32B2-9E31-C4718D0BA85F}.Release|Win32.ActiveCfg = Release|Win32
		{BB6325E9-A986-32B2-9E31-C4718D0BA85F}.Release|Win32.Build.0 = Release|Win32
		{BB6325E9-A986-32B2-9E31-C4718D0BA85F}.MinSizeRel|Win32.ActiveCfg = MinSizeRel|Win32
		{BB6325E9-A986-32B2-9E31-C4718D0BA85F}.MinSizeRel|Win32.Build.0 = MinSizeRel|Win32
		{BB6325E9-A986-32B2-9E31-C4718D0BA85F}.RelWithDebInfo|Win32.ActiveCfg = RelWithDebInfo|Win32
		{BB6325E9-A986-32B2-9E31-C4718D0BA85F}.RelWithDebInfo|Win32.Build.0 = RelWithDebInfo|Win32
		{B52D6CF3-8861-3469-BEC8-D65AF669122E}.Debug|Win32.ActiveCfg = Debug|Win32
		{B52D6CF3-8861-3469-BEC8-D65AF669122E}.Debug|Win32.Build.0 = Debug|Win32
		{B52D6CF3-8861-3469-BEC8-D65AF669122E}.Release|Win32.ActiveCfg = Release|Win32
		{B52D6CF3-8861-3469-BEC8-D65AF669122E}.Release|Win32.Build.0 = Release|Win32
		{B52D6CF3-8861-3469-BEC8-D65AF669122E}.MinSizeRel|Win32.ActiveCfg = MinSizeRel|Win32
		{B52D6CF3-8861-3469-BEC8-D65AF669122E}.MinSizeRel|Win32.Build.0 = MinSizeRel|Win32
		{B52D6CF3-8861-3469-BEC8-D65AF669122E}.RelWithDebInfo|Win32.ActiveCfg = RelWithDebInfo|Win32
		{B52D6CF3-8861-3469-BEC8-D65AF669122E}.RelWithDebInfo|Win32.Build.0 = RelWithDebInfo|Win32
		{DC27BBAA-A5F7-3F7D-AC3B-99A1598126C3}.Debug|Win32.ActiveCfg = Debug|Win32
		{DC27BBAA-A5F7-3F7D-AC3B-99A1598126C3}.Debug|Win32.Build.0 = Debug|Win32
		{DC27BBAA-A5F7-3F7D-AC3B-99A1598126C3}.Release|Win32.ActiveCfg = Release|Win32
		{DC27BBAA-A5F7-3F7D-AC3B-99A1598126C3}.Release|Win32.Build.0 = Release|Win32
		{DC27BBAA-A5F7-3F7D-AC3B-99A1598126C3}.MinSizeRel|Win32.ActiveCfg = MinSizeRel|Win32
		{DC27BBAA-A5F7-3F7D-AC3B-99A1598126C3}.MinSizeRel|Win32.Build.0 = MinSizeRel|Win32
		{DC27BBAA-A5F7-3F7D-AC3B-99A1598126C3}.RelWithDebInfo|Win32.ActiveCfg = RelWithDebInfo|Win32
		{DC27BBAA-A5F7-3F7D-AC3B-99A1598126C3}.RelWithDebInfo|Win32.Build.0 = RelWithDebInfo|Win32
		{5D4801C2-7980-3DB5-8BBB-A5F1BF9D799D}.Debug|Win32.ActiveCfg = Debug|Win32
		{5D4801C2-7980-3DB5-8BBB-A5F1BF9D799D}.Debug|Win32.Build.0 = Debug|Win32
		{5D4801C2-7980-3DB5-8BBB-A5F1BF9D799D}.Release|Win32.ActiveCfg = Release|Win32
		{5D4801C2-7980-3DB5-8BBB-A5F1BF9D799D}.Release|Win32.Build.0 = Release|Win32
		{5D4801C2-7980-3DB5-8BBB-A5F1BF9D799D}.MinSizeRel|Win32.ActiveCfg = MinSizeRel|Win32
		{5D4801C2-7980-3DB5-8BBB-A5F1BF9D799D}.MinSizeRel|Win32.Build.0 = MinSizeRel|Win32
		{5D4801C2-7980-3DB5-8BBB-A5F1BF9D799D}.RelWithDebInfo|Win32.ActiveCfg = RelWithDebInfo|Win32
		{5D4801C2-7980-3DB5-8BBB-A5F1BF9D799D}.RelWithDebInfo|Win32.Build.0 = RelWithDebInfo|Win32
	EndGlobalSection
	GlobalSection(ExtensibilityGlobals) = postSolution
		SolutionGuid = {13CE0F00-6988-3BAB-A945-77CF85ED73F8}
	EndGlobalSection
	GlobalSection(ExtensibilityAddIns) = postSolution
	EndGlobalSection
EndGlobal
