<?xml version="1.0" encoding="utf-8"?>
<Project ToolsVersion="15.0" xmlns="http://schemas.microsoft.com/developer/msbuild/2003">
  <ItemGroup>
    <CustomBuild Include="D:\Simon\Programming\Habitify\cmake_out\CMakeFiles\68812ba4c0ec7850cb93aee09ac13a7b\generate.stamp.rule">
      <Filter>CMake Rules</Filter>
    </CustomBuild>
  </ItemGroup>
  <ItemGroup>
    <Filter Include="CMake Rules">
      <UniqueIdentifier>{76866117-0EDB-3DB8-8E92-33FC2AFC9176}</UniqueIdentifier>
    </Filter>
  </ItemGroup>
</Project>
